// !$*UTF8*$!
{
	archiveVersion = 1;
	classes = {
	};
	objectVersion = 46;
	objects = {

/* Begin PBXBuildFile section */
		6D13BCBA13846B170035F398 /* DefinitionSetsView.m in Sources */ = {isa = PBXBuildFile; fileRef = 6D13BCB913846B170035F398 /* DefinitionSetsView.m */; };
		6D13BCBE138472500035F398 /* WordController.m in Sources */ = {isa = PBXBuildFile; fileRef = 6D13BCBD138472500035F398 /* WordController.m */; };
		6D13BCC1138477240035F398 /* WordView.m in Sources */ = {isa = PBXBuildFile; fileRef = 6D13BCC0138477240035F398 /* WordView.m */; };
		6D307D19138386090010C909 /* DefinitionSetsController.m in Sources */ = {isa = PBXBuildFile; fileRef = 6D307D18138386090010C909 /* DefinitionSetsController.m */; };
		6D5C0E6313819DEE00A25E2B /* SpanishAppHelp.m in Sources */ = {isa = PBXBuildFile; fileRef = 6D5C0E6213819DEE00A25E2B /* SpanishAppHelp.m */; };
		6D5C0E6B13819E5900A25E2B /* flashcards.png in Resources */ = {isa = PBXBuildFile; fileRef = 6D5C0E6413819E5900A25E2B /* flashcards.png */; };
		6D5C0E6C13819E5900A25E2B /* help.png in Resources */ = {isa = PBXBuildFile; fileRef = 6D5C0E6513819E5900A25E2B /* help.png */; };
		6D5C0E6E13819E5900A25E2B /* mainhelp.html in Resources */ = {isa = PBXBuildFile; fileRef = 6D5C0E6713819E5900A25E2B /* mainhelp.html */; };
		6D5C0E6F13819E5900A25E2B /* manage.png in Resources */ = {isa = PBXBuildFile; fileRef = 6D5C0E6813819E5900A25E2B /* manage.png */; };
		6D5C0E7013819E5900A25E2B /* search.png in Resources */ = {isa = PBXBuildFile; fileRef = 6D5C0E6913819E5900A25E2B /* search.png */; };
		6D5C0E7113819E5900A25E2B /* To-do.txt in Resources */ = {isa = PBXBuildFile; fileRef = 6D5C0E6A13819E5900A25E2B /* To-do.txt */; };
		6D5C0E741381A47C00A25E2B /* ManageController.m in Sources */ = {isa = PBXBuildFile; fileRef = 6D5C0E731381A47C00A25E2B /* ManageController.m */; };
		6D5C0E761381D53500A25E2B /* Test.xib in Resources */ = {isa = PBXBuildFile; fileRef = 6D5C0E751381D53500A25E2B /* Test.xib */; };
		6D5C0E791381D7A100A25E2B /* ManageView.m in Sources */ = {isa = PBXBuildFile; fileRef = 6D5C0E781381D7A100A25E2B /* ManageView.m */; };
		6DAA68501380D241005CBF5D /* DataModel.m in Sources */ = {isa = PBXBuildFile; fileRef = 6DAA684F1380D241005CBF5D /* DataModel.m */; };
		6DAA68531380EC27005CBF5D /* SpanEngDict.sqlite in Resources */ = {isa = PBXBuildFile; fileRef = 6DAA68521380EC27005CBF5D /* SpanEngDict.sqlite */; };
		6DAA68551380ECB4005CBF5D /* libsqlite3.0.dylib in Frameworks */ = {isa = PBXBuildFile; fileRef = 6DAA68541380ECB4005CBF5D /* libsqlite3.0.dylib */; };
		6DF0525313807C9F002814BC /* UIKit.framework in Frameworks */ = {isa = PBXBuildFile; fileRef = 6DF0525213807C9F002814BC /* UIKit.framework */; };
		6DF0525513807C9F002814BC /* Foundation.framework in Frameworks */ = {isa = PBXBuildFile; fileRef = 6DF0525413807C9F002814BC /* Foundation.framework */; };
		6DF0525713807C9F002814BC /* CoreGraphics.framework in Frameworks */ = {isa = PBXBuildFile; fileRef = 6DF0525613807C9F002814BC /* CoreGraphics.framework */; };
		6DF0525B13807C9F002814BC /* SpanishandEnglishVocabAppAppDelegate.h in Resources */ = {isa = PBXBuildFile; fileRef = 6DF0525A13807C9F002814BC /* SpanishandEnglishVocabAppAppDelegate.h */; };
		6DF0525D13807C9F002814BC /* SpanishandEnglishVocabAppAppDelegate.m in Sources */ = {isa = PBXBuildFile; fileRef = 6DF0525C13807C9F002814BC /* SpanishandEnglishVocabAppAppDelegate.m */; };
		6DF0526013807C9F002814BC /* main.m in Sources */ = {isa = PBXBuildFile; fileRef = 6DF0525F13807C9F002814BC /* main.m */; };
		6DF0526713807C9F002814BC /* InfoPlist.strings in Resources */ = {isa = PBXBuildFile; fileRef = 6DF0526513807C9F002814BC /* InfoPlist.strings */; };
		6DF0527213807D30002814BC /* DefinitionSet.m in Sources */ = {isa = PBXBuildFile; fileRef = 6DF0527113807D30002814BC /* DefinitionSet.m */; };
		6DF0527D138083C3002814BC /* WordCategory.m in Sources */ = {isa = PBXBuildFile; fileRef = 6DF0527C138083C3002814BC /* WordCategory.m */; };
/* End PBXBuildFile section */

/* Begin PBXFileReference section */
		6D13BCB813846B170035F398 /* DefinitionSetsView.h */ = {isa = PBXFileReference; fileEncoding = 4; lastKnownFileType = sourcecode.c.h; path = DefinitionSetsView.h; sourceTree = "<group>"; };
		6D13BCB913846B170035F398 /* DefinitionSetsView.m */ = {isa = PBXFileReference; fileEncoding = 4; lastKnownFileType = sourcecode.c.objc; path = DefinitionSetsView.m; sourceTree = "<group>"; };
		6D13BCBC138472500035F398 /* WordController.h */ = {isa = PBXFileReference; fileEncoding = 4; lastKnownFileType = sourcecode.c.h; path = WordController.h; sourceTree = "<group>"; };
		6D13BCBD138472500035F398 /* WordController.m */ = {isa = PBXFileReference; fileEncoding = 4; lastKnownFileType = sourcecode.c.objc; path = WordController.m; sourceTree = "<group>"; };
		6D13BCBF138477240035F398 /* WordView.h */ = {isa = PBXFileReference; fileEncoding = 4; lastKnownFileType = sourcecode.c.h; path = WordView.h; sourceTree = "<group>"; };
		6D13BCC0138477240035F398 /* WordView.m */ = {isa = PBXFileReference; fileEncoding = 4; lastKnownFileType = sourcecode.c.objc; path = WordView.m; sourceTree = "<group>"; };
		6D307D17138386090010C909 /* DefinitionSetsController.h */ = {isa = PBXFileReference; fileEncoding = 4; lastKnownFileType = sourcecode.c.h; path = DefinitionSetsController.h; sourceTree = "<group>"; };
		6D307D18138386090010C909 /* DefinitionSetsController.m */ = {isa = PBXFileReference; fileEncoding = 4; lastKnownFileType = sourcecode.c.objc; path = DefinitionSetsController.m; sourceTree = "<group>"; };
		6D5C0E6113819DEE00A25E2B /* SpanishAppHelp.h */ = {isa = PBXFileReference; fileEncoding = 4; lastKnownFileType = sourcecode.c.h; path = SpanishAppHelp.h; sourceTree = "<group>"; };
		6D5C0E6213819DEE00A25E2B /* SpanishAppHelp.m */ = {isa = PBXFileReference; fileEncoding = 4; lastKnownFileType = sourcecode.c.objc; path = SpanishAppHelp.m; sourceTree = "<group>"; };
		6D5C0E6413819E5900A25E2B /* flashcards.png */ = {isa = PBXFileReference; lastKnownFileType = image.png; path = flashcards.png; sourceTree = "<group>"; };
		6D5C0E6513819E5900A25E2B /* help.png */ = {isa = PBXFileReference; lastKnownFileType = image.png; path = help.png; sourceTree = "<group>"; };
		6D5C0E6713819E5900A25E2B /* mainhelp.html */ = {isa = PBXFileReference; fileEncoding = 4; lastKnownFileType = text.html; path = mainhelp.html; sourceTree = "<group>"; };
		6D5C0E6813819E5900A25E2B /* manage.png */ = {isa = PBXFileReference; lastKnownFileType = image.png; path = manage.png; sourceTree = "<group>"; };
		6D5C0E6913819E5900A25E2B /* search.png */ = {isa = PBXFileReference; lastKnownFileType = image.png; path = search.png; sourceTree = "<group>"; };
		6D5C0E6A13819E5900A25E2B /* To-do.txt */ = {isa = PBXFileReference; fileEncoding = 4; lastKnownFileType = text; path = "To-do.txt"; sourceTree = "<group>"; };
		6D5C0E721381A47C00A25E2B /* ManageController.h */ = {isa = PBXFileReference; fileEncoding = 4; lastKnownFileType = sourcecode.c.h; path = ManageController.h; sourceTree = "<group>"; };
		6D5C0E731381A47C00A25E2B /* ManageController.m */ = {isa = PBXFileReference; fileEncoding = 4; lastKnownFileType = sourcecode.c.objc; path = ManageController.m; sourceTree = "<group>"; };
		6D5C0E751381D53500A25E2B /* Test.xib */ = {isa = PBXFileReference; fileEncoding = 4; lastKnownFileType = file.xib; path = Test.xib; sourceTree = "<group>"; };
		6D5C0E771381D7A100A25E2B /* ManageView.h */ = {isa = PBXFileReference; fileEncoding = 4; lastKnownFileType = sourcecode.c.h; path = ManageView.h; sourceTree = "<group>"; };
		6D5C0E781381D7A100A25E2B /* ManageView.m */ = {isa = PBXFileReference; fileEncoding = 4; lastKnownFileType = sourcecode.c.objc; path = ManageView.m; sourceTree = "<group>"; };
		6DAA684E1380D241005CBF5D /* DataModel.h */ = {isa = PBXFileReference; fileEncoding = 4; lastKnownFileType = sourcecode.c.h; path = DataModel.h; sourceTree = "<group>"; };
		6DAA684F1380D241005CBF5D /* DataModel.m */ = {isa = PBXFileReference; fileEncoding = 4; lastKnownFileType = sourcecode.c.objc; path = DataModel.m; sourceTree = "<group>"; };
		6DAA68521380EC27005CBF5D /* SpanEngDict.sqlite */ = {isa = PBXFileReference; lastKnownFileType = file; path = SpanEngDict.sqlite; sourceTree = "<group>"; };
		6DAA68541380ECB4005CBF5D /* libsqlite3.0.dylib */ = {isa = PBXFileReference; lastKnownFileType = "compiled.mach-o.dylib"; name = libsqlite3.0.dylib; path = usr/lib/libsqlite3.0.dylib; sourceTree = SDKROOT; };
		6DF0524E13807C9F002814BC /* SpanishandEnglishVocabApp.app */ = {isa = PBXFileReference; explicitFileType = wrapper.application; includeInIndex = 0; path = SpanishandEnglishVocabApp.app; sourceTree = BUILT_PRODUCTS_DIR; };
		6DF0525213807C9F002814BC /* UIKit.framework */ = {isa = PBXFileReference; lastKnownFileType = wrapper.framework; name = UIKit.framework; path = System/Library/Frameworks/UIKit.framework; sourceTree = SDKROOT; };
		6DF0525413807C9F002814BC /* Foundation.framework */ = {isa = PBXFileReference; lastKnownFileType = wrapper.framework; name = Foundation.framework; path = System/Library/Frameworks/Foundation.framework; sourceTree = SDKROOT; };
		6DF0525613807C9F002814BC /* CoreGraphics.framework */ = {isa = PBXFileReference; lastKnownFileType = wrapper.framework; name = CoreGraphics.framework; path = System/Library/Frameworks/CoreGraphics.framework; sourceTree = SDKROOT; };
		6DF0525A13807C9F002814BC /* SpanishandEnglishVocabAppAppDelegate.h */ = {isa = PBXFileReference; lastKnownFileType = sourcecode.c.h; name = SpanishandEnglishVocabAppAppDelegate.h; path = Classes/SpanishandEnglishVocabAppAppDelegate.h; sourceTree = "<group>"; };
		6DF0525C13807C9F002814BC /* SpanishandEnglishVocabAppAppDelegate.m */ = {isa = PBXFileReference; lastKnownFileType = sourcecode.c.objc; name = SpanishandEnglishVocabAppAppDelegate.m; path = Classes/SpanishandEnglishVocabAppAppDelegate.m; sourceTree = "<group>"; };
		6DF0525F13807C9F002814BC /* main.m */ = {isa = PBXFileReference; lastKnownFileType = sourcecode.c.objc; path = main.m; sourceTree = "<group>"; };
		6DF0526113807C9F002814BC /* SpanishandEnglishVocabApp-Prefix.pch */ = {isa = PBXFileReference; lastKnownFileType = sourcecode.c.h; path = "SpanishandEnglishVocabApp-Prefix.pch"; sourceTree = "<group>"; };
		6DF0526313807C9F002814BC /* SpanishandEnglishVocabApp-Info.plist */ = {isa = PBXFileReference; lastKnownFileType = text.plist.xml; path = "SpanishandEnglishVocabApp-Info.plist"; sourceTree = "<group>"; };
		6DF0526613807C9F002814BC /* en */ = {isa = PBXFileReference; lastKnownFileType = text.plist.strings; name = en; path = Languages/en.lproj/InfoPlist.strings; sourceTree = "<group>"; };
		6DF0527013807D30002814BC /* DefinitionSet.h */ = {isa = PBXFileReference; fileEncoding = 4; lastKnownFileType = sourcecode.c.h; path = DefinitionSet.h; sourceTree = "<group>"; };
		6DF0527113807D30002814BC /* DefinitionSet.m */ = {isa = PBXFileReference; fileEncoding = 4; lastKnownFileType = sourcecode.c.objc; path = DefinitionSet.m; sourceTree = "<group>"; };
		6DF0527B138083C3002814BC /* WordCategory.h */ = {isa = PBXFileReference; fileEncoding = 4; lastKnownFileType = sourcecode.c.h; path = WordCategory.h; sourceTree = "<group>"; };
		6DF0527C138083C3002814BC /* WordCategory.m */ = {isa = PBXFileReference; fileEncoding = 4; lastKnownFileType = sourcecode.c.objc; path = WordCategory.m; sourceTree = "<group>"; };
		6DF0527E13808638002814BC /* strings_to_be_localized.txt */ = {isa = PBXFileReference; fileEncoding = 4; lastKnownFileType = text; path = strings_to_be_localized.txt; sourceTree = "<group>"; };
/* End PBXFileReference section */

/* Begin PBXFrameworksBuildPhase section */
		6DF0524B13807C9F002814BC /* Frameworks */ = {
			isa = PBXFrameworksBuildPhase;
			buildActionMask = 2147483647;
			files = (
				6DAA68551380ECB4005CBF5D /* libsqlite3.0.dylib in Frameworks */,
				6DF0525313807C9F002814BC /* UIKit.framework in Frameworks */,
				6DF0525513807C9F002814BC /* Foundation.framework in Frameworks */,
				6DF0525713807C9F002814BC /* CoreGraphics.framework in Frameworks */,
			);
			runOnlyForDeploymentPostprocessing = 0;
		};
/* End PBXFrameworksBuildPhase section */

/* Begin PBXGroup section */
		6DF0524313807C9F002814BC = {
			isa = PBXGroup;
			children = (
				6DAA68541380ECB4005CBF5D /* libsqlite3.0.dylib */,
				6DF0525813807C9F002814BC /* SpanishandEnglishVocabApp */,
				6DF0525113807C9F002814BC /* Frameworks */,
				6DF0524F13807C9F002814BC /* Products */,
			);
			sourceTree = "<group>";
		};
		6DF0524F13807C9F002814BC /* Products */ = {
			isa = PBXGroup;
			children = (
				6DF0524E13807C9F002814BC /* SpanishandEnglishVocabApp.app */,
			);
			name = Products;
			sourceTree = "<group>";
		};
		6DF0525113807C9F002814BC /* Frameworks */ = {
			isa = PBXGroup;
			children = (
				6DF0525213807C9F002814BC /* UIKit.framework */,
				6DF0525413807C9F002814BC /* Foundation.framework */,
				6DF0525613807C9F002814BC /* CoreGraphics.framework */,
			);
			name = Frameworks;
			sourceTree = "<group>";
		};
		6DF0525813807C9F002814BC /* SpanishandEnglishVocabApp */ = {
			isa = PBXGroup;
			children = (
				6DF0525913807C9F002814BC /* Classes */,
				6DF0525E13807C9F002814BC /* Other Sources */,
				6DF0526213807C9F002814BC /* Resources */,
				6DF0526413807C9F002814BC /* Supporting Files */,
			);
			path = SpanishandEnglishVocabApp;
			sourceTree = "<group>";
		};
		6DF0525913807C9F002814BC /* Classes */ = {
			isa = PBXGroup;
			children = (
				6DF0526F13807CFA002814BC /* Model */,
				6DF0526E13807CEF002814BC /* Flash cards */,
				6DF0526D13807CE3002814BC /* Manage */,
				6DF0525A13807C9F002814BC /* SpanishandEnglishVocabAppAppDelegate.h */,
				6DF0525C13807C9F002814BC /* SpanishandEnglishVocabAppAppDelegate.m */,
				6D5C0E6113819DEE00A25E2B /* SpanishAppHelp.h */,
				6D5C0E6213819DEE00A25E2B /* SpanishAppHelp.m */,
			);
			name = Classes;
			sourceTree = "<group>";
		};
		6DF0525E13807C9F002814BC /* Other Sources */ = {
			isa = PBXGroup;
			children = (
				6DF0525F13807C9F002814BC /* main.m */,
				6DF0526113807C9F002814BC /* SpanishandEnglishVocabApp-Prefix.pch */,
			);
			name = "Other Sources";
			sourceTree = "<group>";
		};
		6DF0526213807C9F002814BC /* Resources */ = {
			isa = PBXGroup;
			children = (
				6D5C0E6413819E5900A25E2B /* flashcards.png */,
				6D5C0E6513819E5900A25E2B /* help.png */,
				6D5C0E6713819E5900A25E2B /* mainhelp.html */,
				6D5C0E6813819E5900A25E2B /* manage.png */,
				6D5C0E6913819E5900A25E2B /* search.png */,
				6D5C0E6A13819E5900A25E2B /* To-do.txt */,
				6DAA68521380EC27005CBF5D /* SpanEngDict.sqlite */,
				6DF0526313807C9F002814BC /* SpanishandEnglishVocabApp-Info.plist */,
				6DF0527E13808638002814BC /* strings_to_be_localized.txt */,
			);
			name = Resources;
			sourceTree = "<group>";
		};
		6DF0526413807C9F002814BC /* Supporting Files */ = {
			isa = PBXGroup;
			children = (
				6DF0526513807C9F002814BC /* InfoPlist.strings */,
			);
			name = "Supporting Files";
			sourceTree = "<group>";
		};
		6DF0526D13807CE3002814BC /* Manage */ = {
			isa = PBXGroup;
			children = (
				6D5C0E721381A47C00A25E2B /* ManageController.h */,
				6D5C0E731381A47C00A25E2B /* ManageController.m */,
				6D5C0E751381D53500A25E2B /* Test.xib */,
				6D5C0E771381D7A100A25E2B /* ManageView.h */,
				6D5C0E781381D7A100A25E2B /* ManageView.m */,
				6D307D17138386090010C909 /* DefinitionSetsController.h */,
				6D307D18138386090010C909 /* DefinitionSetsController.m */,
				6D13BCB813846B170035F398 /* DefinitionSetsView.h */,
				6D13BCB913846B170035F398 /* DefinitionSetsView.m */,
				6D13BCBC138472500035F398 /* WordController.h */,
				6D13BCBD138472500035F398 /* WordController.m */,
				6D13BCBF138477240035F398 /* WordView.h */,
				6D13BCC0138477240035F398 /* WordView.m */,
			);
			name = Manage;
			sourceTree = "<group>";
		};
		6DF0526E13807CEF002814BC /* Flash cards */ = {
			isa = PBXGroup;
			children = (
			);
			name = "Flash cards";
			sourceTree = "<group>";
		};
		6DF0526F13807CFA002814BC /* Model */ = {
			isa = PBXGroup;
			children = (
				6DF0527013807D30002814BC /* DefinitionSet.h */,
				6DF0527113807D30002814BC /* DefinitionSet.m */,
				6DF0527B138083C3002814BC /* WordCategory.h */,
				6DF0527C138083C3002814BC /* WordCategory.m */,
				6DAA684E1380D241005CBF5D /* DataModel.h */,
				6DAA684F1380D241005CBF5D /* DataModel.m */,
			);
			name = Model;
			sourceTree = "<group>";
		};
/* End PBXGroup section */

/* Begin PBXNativeTarget section */
		6DF0524D13807C9F002814BC /* SpanishandEnglishVocabApp */ = {
			isa = PBXNativeTarget;
			buildConfigurationList = 6DF0526A13807C9F002814BC /* Build configuration list for PBXNativeTarget "SpanishandEnglishVocabApp" */;
			buildPhases = (
				6DF0524A13807C9F002814BC /* Sources */,
				6DF0524B13807C9F002814BC /* Frameworks */,
				6DF0524C13807C9F002814BC /* Resources */,
			);
			buildRules = (
			);
			dependencies = (
			);
			name = SpanishandEnglishVocabApp;
			productName = SpanishandEnglishVocabApp;
			productReference = 6DF0524E13807C9F002814BC /* SpanishandEnglishVocabApp.app */;
			productType = "com.apple.product-type.application";
		};
/* End PBXNativeTarget section */

/* Begin PBXProject section */
		6DF0524513807C9F002814BC /* Project object */ = {
			isa = PBXProject;
			attributes = {
				ORGANIZATIONNAME = "Nick Rasband";
			};
			buildConfigurationList = 6DF0524813807C9F002814BC /* Build configuration list for PBXProject "SpanishandEnglishVocabApp" */;
			compatibilityVersion = "Xcode 3.2";
			developmentRegion = English;
			hasScannedForEncodings = 0;
			knownRegions = (
				en,
			);
			mainGroup = 6DF0524313807C9F002814BC;
			productRefGroup = 6DF0524F13807C9F002814BC /* Products */;
			projectDirPath = "";
			projectRoot = "";
			targets = (
				6DF0524D13807C9F002814BC /* SpanishandEnglishVocabApp */,
			);
		};
/* End PBXProject section */

/* Begin PBXResourcesBuildPhase section */
		6DF0524C13807C9F002814BC /* Resources */ = {
			isa = PBXResourcesBuildPhase;
			buildActionMask = 2147483647;
			files = (
				6DF0525B13807C9F002814BC /* SpanishandEnglishVocabAppAppDelegate.h in Resources */,
				6DF0526713807C9F002814BC /* InfoPlist.strings in Resources */,
				6DAA68531380EC27005CBF5D /* SpanEngDict.sqlite in Resources */,
				6D5C0E6B13819E5900A25E2B /* flashcards.png in Resources */,
				6D5C0E6C13819E5900A25E2B /* help.png in Resources */,
				6D5C0E6E13819E5900A25E2B /* mainhelp.html in Resources */,
				6D5C0E6F13819E5900A25E2B /* manage.png in Resources */,
				6D5C0E7013819E5900A25E2B /* search.png in Resources */,
				6D5C0E7113819E5900A25E2B /* To-do.txt in Resources */,
				6D5C0E761381D53500A25E2B /* Test.xib in Resources */,
			);
			runOnlyForDeploymentPostprocessing = 0;
		};
/* End PBXResourcesBuildPhase section */

/* Begin PBXSourcesBuildPhase section */
		6DF0524A13807C9F002814BC /* Sources */ = {
			isa = PBXSourcesBuildPhase;
			buildActionMask = 2147483647;
			files = (
				6DF0525D13807C9F002814BC /* SpanishandEnglishVocabAppAppDelegate.m in Sources */,
				6DF0526013807C9F002814BC /* main.m in Sources */,
				6DF0527213807D30002814BC /* DefinitionSet.m in Sources */,
				6DF0527D138083C3002814BC /* WordCategory.m in Sources */,
				6DAA68501380D241005CBF5D /* DataModel.m in Sources */,
				6D5C0E6313819DEE00A25E2B /* SpanishAppHelp.m in Sources */,
				6D5C0E741381A47C00A25E2B /* ManageController.m in Sources */,
				6D5C0E791381D7A100A25E2B /* ManageView.m in Sources */,
				6D307D19138386090010C909 /* DefinitionSetsController.m in Sources */,
				6D13BCBA13846B170035F398 /* DefinitionSetsView.m in Sources */,
				6D13BCBE138472500035F398 /* WordController.m in Sources */,
				6D13BCC1138477240035F398 /* WordView.m in Sources */,
			);
			runOnlyForDeploymentPostprocessing = 0;
		};
/* End PBXSourcesBuildPhase section */

/* Begin PBXVariantGroup section */
		6DF0526513807C9F002814BC /* InfoPlist.strings */ = {
			isa = PBXVariantGroup;
			children = (
				6DF0526613807C9F002814BC /* en */,
			);
			name = InfoPlist.strings;
			sourceTree = "<group>";
		};
/* End PBXVariantGroup section */

/* Begin XCBuildConfiguration section */
		6DF0526813807C9F002814BC /* Debug */ = {
			isa = XCBuildConfiguration;
			buildSettings = {
				"CODE_SIGN_IDENTITY[sdk=iphoneos*]" = "iPhone Developer";
				GCC_C_LANGUAGE_STANDARD = gnu99;
				GCC_OPTIMIZATION_LEVEL = 0;
				GCC_PREPROCESSOR_DEFINITIONS = DEBUG;
				GCC_VERSION = com.apple.compilers.llvmgcc42;
				GCC_WARN_ABOUT_RETURN_TYPE = YES;
				GCC_WARN_UNUSED_VARIABLE = YES;
				IPHONEOS_DEPLOYMENT_TARGET = 4.3;
				SDKROOT = iphoneos;
				TARGETED_DEVICE_FAMILY = "1,2";
			};
			name = Debug;
		};
		6DF0526913807C9F002814BC /* Release */ = {
			isa = XCBuildConfiguration;
			buildSettings = {
				"CODE_SIGN_IDENTITY[sdk=iphoneos*]" = "iPhone Developer";
				GCC_C_LANGUAGE_STANDARD = gnu99;
				GCC_VERSION = com.apple.compilers.llvmgcc42;
				GCC_WARN_ABOUT_RETURN_TYPE = YES;
				GCC_WARN_UNUSED_VARIABLE = YES;
				IPHONEOS_DEPLOYMENT_TARGET = 4.3;
				OTHER_CFLAGS = "-DNS_BLOCK_ASSERTIONS=1";
				SDKROOT = iphoneos;
				TARGETED_DEVICE_FAMILY = "1,2";
			};
			name = Release;
		};
		6DF0526B13807C9F002814BC /* Debug */ = {
			isa = XCBuildConfiguration;
			buildSettings = {
				ALWAYS_SEARCH_USER_PATHS = NO;
				COPY_PHASE_STRIP = NO;
				GCC_DYNAMIC_NO_PIC = NO;
				GCC_PRECOMPILE_PREFIX_HEADER = YES;
				GCC_PREFIX_HEADER = "SpanishandEnglishVocabApp/SpanishandEnglishVocabApp-Prefix.pch";
				INFOPLIST_FILE = "SpanishandEnglishVocabApp/SpanishandEnglishVocabApp-Info.plist";
				INSTALL_PATH = "$(LOCAL_APPS_DIR)";
				PRODUCT_NAME = "$(TARGET_NAME)";
				WRAPPER_EXTENSION = app;
			};
			name = Debug;
		};
		6DF0526C13807C9F002814BC /* Release */ = {
			isa = XCBuildConfiguration;
			buildSettings = {
				ALWAYS_SEARCH_USER_PATHS = NO;
				COPY_PHASE_STRIP = YES;
				GCC_PRECOMPILE_PREFIX_HEADER = YES;
				GCC_PREFIX_HEADER = "SpanishandEnglishVocabApp/SpanishandEnglishVocabApp-Prefix.pch";
				INFOPLIST_FILE = "SpanishandEnglishVocabApp/SpanishandEnglishVocabApp-Info.plist";
				INSTALL_PATH = "$(LOCAL_APPS_DIR)";
				PRODUCT_NAME = "$(TARGET_NAME)";
				WRAPPER_EXTENSION = app;
			};
			name = Release;
		};
/* End XCBuildConfiguration section */

/* Begin XCConfigurationList section */
		6DF0524813807C9F002814BC /* Build configuration list for PBXProject "SpanishandEnglishVocabApp" */ = {
			isa = XCConfigurationList;
			buildConfigurations = (
				6DF0526813807C9F002814BC /* Debug */,
				6DF0526913807C9F002814BC /* Release */,
			);
			defaultConfigurationIsVisible = 0;
			defaultConfigurationName = Release;
		};
		6DF0526A13807C9F002814BC /* Build configuration list for PBXNativeTarget "SpanishandEnglishVocabApp" */ = {
			isa = XCConfigurationList;
			buildConfigurations = (
				6DF0526B13807C9F002814BC /* Debug */,
				6DF0526C13807C9F002814BC /* Release */,
			);
			defaultConfigurationIsVisible = 0;
			defaultConfigurationName = Release;
		};
/* End XCConfigurationList section */
	};
	rootObject = 6DF0524513807C9F002814BC /* Project object */;
}
